
Microsoft Visual Studio Solution File, Format Version 12.00
# Visual Studio Version 16
VisualStudioVersion = 16.0.30406.217
MinimumVisualStudioVersion = 10.0.40219.1
Project("{FAE04EC0-301F-11D3-BF4B-00C04F79EFBC}") = "OdeToFood", "OdeToFood\OdeToFood.csproj", "{C0C76F1B-41F4-4CBF-BC9A-EDF02A07F9AB}"
EndProject
Project("{FAE04EC0-301F-11D3-BF4B-00C04F79EFBC}") = "OdeToFood.Core", "OdeToFood.Core\OdeToFood.Core.csproj", "{4C994B4C-B8B2-4CFA-B51D-0929A85EFF36}"
EndProject
Global
	GlobalSection(SolutionConfigurationPlatforms) = preSolution
		Debug|Any CPU = Debug|Any CPU
		Release|Any CPU = Release|Any CPU
	EndGlobalSection
	GlobalSection(ProjectConfigurationPlatforms) = postSolution
		{C0C76F1B-41F4-4CBF-BC9A-EDF02A07F9AB}.Debug|Any CPU.ActiveCfg = Debug|Any CPU
		{C0C76F1B-41F4-4CBF-BC9A-EDF02A07F9AB}.Debug|Any CPU.Build.0 = Debug|Any CPU
		{C0C76F1B-41F4-4CBF-BC9A-EDF02A07F9AB}.Release|Any CPU.ActiveCfg = Release|Any CPU
		{C0C76F1B-41F4-4CBF-BC9A-EDF02A07F9AB}.Release|Any CPU.Build.0 = Release|Any CPU
		{4C994B4C-B8B2-4CFA-B51D-0929A85EFF36}.Debug|Any CPU.ActiveCfg = Debug|Any CPU
		{4C994B4C-B8B2-4CFA-B51D-0929A85EFF36}.Debug|Any CPU.Build.0 = Debug|Any CPU
		{4C994B4C-B8B2-4CFA-B51D-0929A85EFF36}.Release|Any CPU.ActiveCfg = Release|Any CPU
		{4C994B4C-B8B2-4CFA-B51D-0929A85EFF36}.Release|Any CPU.Build.0 = Release|Any CPU
	EndGlobalSection
	GlobalSection(SolutionProperties) = preSolution
		HideSolutionNode = FALSE
	EndGlobalSection
	GlobalSection(ExtensibilityGlobals) = postSolution
		SolutionGuid = {6CBB3C3F-21E2-4515-92D0-BF4789F0A66E}
	EndGlobalSection
EndGlobal
